{
  "name": "Moises without the noises",
  "lockfileVersion": 3,
  "requires": true,
  "packages": {}
}
{
  "name": "moises-without-the-noises",
  "version": "1.0.0",
  "lockfileVersion": 3,
  "requires": true,
  "packages": {
    "": {
      "dependencies": {
        "@ffmpeg/ffmpeg": "^0.12.6"
      }
    },
    "node_modules/@ffmpeg/ffmpeg": {
      "version": "0.12.6",
      "resolved": "https://registry.npmjs.org/@ffmpeg/ffmpeg/-/ffmpeg-0.12.6.tgz",
      "integrity": "sha512-Y4zS9b7Q+9w80zJ0Fq+9v2q1K5z43F5vT7d3N7K8H5N4S7C8C5Y1K8Q+9w80zJ0Fq+9v2q1K5z43F5vT7d3N7K8H5N4S7C8C5Y1K8Q+9w80zJ0Fq+9v2q1K5z43F5vT7d3N7K8H5N4S7C8C5Y1K8Q+9w80zJ0Fq+9v2q1K5z43F5vT7d3N7K8H5N4S7C8C5Y1K8Q+9w80zJ0Fq+9v2q1K5z43F5vT7d3N7K8H5N4S7C8C5Y1K8Q+9w80zJ0Fq+9v2q1K5z43F5vT7d3N7K8H5N4S7C8C5Y1K8Q+9w80zJ0Fq+9v2q1K5z43F5vT7d3N7K8H5N4S7C8C5Y1K8Q+9w80zJ0Fq+9v2q1K5z43F5vT7d3N7K8H5N4S7C8C5Y1K8Q+9w80zJ0Fq+9v2q1K5z43F5vT7d3N7K8H5N4S7C8C5Y1K8Q+9w80zJ0Fq+9v2q1K5z43F5vT7d3N7K8H5N4S7C8C5Y1K8Q+9w80zJ0Fq+9v2q1K5z43F5vT7d3N7K8H5N4S7C8C5Y1K8Q+9w80zJ0Fq+9v2q1K5z43F5vT7d3N7K8H5N4S7C8C5Y1K8Q+9w80zJ0Fq+9v2q1K5z43F5vT7d3N7K8H5N4S7C8C5Y1K8Q+9w80zJ0Fq+9v2q1K5z43F5vT7d3N7K8H5N4S7C8C5Y1K8Q+9w80zJ0Fq+9v2q1K5z43F5vT7d3N7K8H5N4S7C8C5Y1K8Q+9w80zJ0Fq+9v2q1K5z43F5vT7d3N7K8H5N4S7C8C5Y1K8Q+9w80zJ0Fq+9v2q1K5z43F5vT7d3N7K8H5N4S7C8C5Y1K8Q+9w80zJ0Fq+9v2q1K5z43F5vT7d3N7K8H5N4S7C8C5Y1K8Q+9w80zJ0Fq+9v2q1K5z43F5vT7d3N7K8H5N4S7C8C5Y1K8Q+9w80zJ0Fq+9v2q1K5z43F5vT7d3N7K8H5N4S7C8C5Y1K8Q+9w80zJ0Fq+9v2q1K5z43F5vT7d3N7K8H5N4S7C8C5Y1K8Q+9w80zJ0Fq+9v2q1K5z43F5vT7d3N7K8H5N4S7C8C5Y1K8Q+9w80zJ0Fq+9v2q1K5z43F5vT7d3N7K8H5N4S7C8C5Y1K8Q+9w80zJ0Fq+9v2q1K5z43F5vT7d3N7K8H5N4S7C8C5Y1K8Q+9w80zJ0Fq+9v2q1K5z43F5vT7d3N7K8H5N4S7C8C5Y1K8Q+9w80zJ0Fq+9v2q1K5z43F5vT7d3N7K8H5N4S7C8C5Y1K8Q+9w80zJ0Fq+9v2q1K5z43F5vT7d3N7K8H5N4S7C8C5Y1K8Q+9w80zJ0Fq+9v2q1K5z43F5vT7d3N7K8H5N4S7C8C5Y1K8Q+9w80zJ0Fq+9v2q1K5z43F5vT7d3N7K8H5N4S7C8C5Y1K8Q+9w80zJ0Fq+9v2q1K5z43F5vT7d3N7K8H5N4S7C8C5Y1K8Q+9w80zJ0Fq+9v2q1K5z43F5vT7d3N7K8H5N4S7C8C5Y1K8Q+9w80zJ0Fq+9v2q1K5z43F5vT7d3N7K8H5N4S7C8C5Y1K8Q+9w80zJ0Fq+9v2q1K5z43F5vT7d3N7K8H5N4S7C8C5Y1K8Q+9w80zJ0Fq+9v2q1K5z43F5vT7d3N7K8H5N4S7C8C5Y1K8Q+9w80zJ0Fq+9v2q1K5z43F5vT7d3N7K8H5N4S7C8C5Y1K8Q+9w80zJ0Fq+9v2q1K5z43F5vT7d3N7K8H5N4S7C8C5Y1K8Q+9w80zJ0Fq+9v2q1K5z43F5vT7d3N7K8H5N4S7C8C5Y1K8Q+9w80zJ0Fq+9v2q1K5z43F5vT7d3N7K8H5N4S7C8C5Y1K8Q+9w80zJ0Fq+9v2q1K5z43F5vT7d3N7K8H5N4S7C8C5Y1K8Q+9w80zJ0Fq
    }